
Microsoft Visual Studio Solution File, Format Version 12.00
# Visual Studio Version 17
VisualStudioVersion = 17.9.34728.123
MinimumVisualStudioVersion = 10.0.40219.1
Project("{F2A71F9B-5D33-465A-A702-920D77279786}") = "VMEmulator", "VMEmulator\VMEmulator.fsproj", "{15E17025-CA2C-4E11-AC59-6675B830C3A4}"
EndProject
Global
	GlobalSection(SolutionConfigurationPlatforms) = preSolution
		Debug|Any CPU = Debug|Any CPU
		Release|Any CPU = Release|Any CPU
	EndGlobalSection
	GlobalSection(ProjectConfigurationPlatforms) = postSolution
		{15E17025-CA2C-4E11-AC59-6675B830C3A4}.Debug|Any CPU.ActiveCfg = Debug|Any CPU
		{15E17025-CA2C-4E11-AC59-6675B830C3A4}.Debug|Any CPU.Build.0 = Debug|Any CPU
		{15E17025-CA2C-4E11-AC59-6675B830C3A4}.Release|Any CPU.ActiveCfg = Release|Any CPU
		{15E17025-CA2C-4E11-AC59-6675B830C3A4}.Release|Any CPU.Build.0 = Release|Any CPU
	EndGlobalSection
	GlobalSection(SolutionProperties) = preSolution
		HideSolutionNode = FALSE
	EndGlobalSection
	GlobalSection(ExtensibilityGlobals) = postSolution
		SolutionGuid = {4E86CBF7-1819-43B6-87E5-77D5D9DE06CB}
	EndGlobalSection
EndGlobal
